
Microsoft Visual Studio Solution File, Format Version 12.00
# Visual Studio 2012
Project("{FAE04EC0-301F-11D3-BF4B-00C04F79EFBC}") = "DataChannelOrtc.Mac", "DataChannelOrtc.Mac\DataChannelOrtc.Mac.csproj", "{4934BAF6-B892-45A4-93E7-6893FD925DF5}"
EndProject
Global
	GlobalSection(SolutionConfigurationPlatforms) = preSolution
		Debug|x86 = Debug|x86
		Release|x86 = Release|x86
	EndGlobalSection
	GlobalSection(ProjectConfigurationPlatforms) = postSolution
		{4934BAF6-B892-45A4-93E7-6893FD925DF5}.Debug|x86.ActiveCfg = Debug|x86
		{4934BAF6-B892-45A4-93E7-6893FD925DF5}.Debug|x86.Build.0 = Debug|x86
		{4934BAF6-B892-45A4-93E7-6893FD925DF5}.Release|x86.ActiveCfg = Release|x86
		{4934BAF6-B892-45A4-93E7-6893FD925DF5}.Release|x86.Build.0 = Release|x86
	EndGlobalSection
EndGlobal
