
Microsoft Visual Studio Solution File, Format Version 12.00
# Visual Studio 15
VisualStudioVersion = 15.0.27130.2010
MinimumVisualStudioVersion = 10.0.40219.1
Project("{FAE04EC0-301F-11D3-BF4B-00C04F79EFBC}") = "DataChannel.Net", "DataChannelOrtc.Net\DataChannel.Net.csproj", "{3A76D266-45DC-4227-BD45-49E1F99DF277}"
EndProject
Project("{FAE04EC0-301F-11D3-BF4B-00C04F79EFBC}") = "DataChannelOrtc.Signaling", "DataChannelOrtc.Signaling\DataChannelOrtc.Signaling.csproj", "{6B275C45-1B53-4E85-9F1F-9D277CA977BA}"
EndProject
Global
	GlobalSection(SolutionConfigurationPlatforms) = preSolution
		Debug|Any CPU = Debug|Any CPU
		Debug|x64 = Debug|x64
		Debug|x86 = Debug|x86
		Release|Any CPU = Release|Any CPU
		Release|x64 = Release|x64
		Release|x86 = Release|x86
	EndGlobalSection
	GlobalSection(ProjectConfigurationPlatforms) = postSolution
		{3A76D266-45DC-4227-BD45-49E1F99DF277}.Debug|Any CPU.ActiveCfg = Debug|Any CPU
		{3A76D266-45DC-4227-BD45-49E1F99DF277}.Debug|Any CPU.Build.0 = Debug|Any CPU
		{3A76D266-45DC-4227-BD45-49E1F99DF277}.Debug|x64.ActiveCfg = Debug|x64
		{3A76D266-45DC-4227-BD45-49E1F99DF277}.Debug|x64.Build.0 = Debug|x64
		{3A76D266-45DC-4227-BD45-49E1F99DF277}.Debug|x86.ActiveCfg = Debug|x86
		{3A76D266-45DC-4227-BD45-49E1F99DF277}.Debug|x86.Build.0 = Debug|x86
		{3A76D266-45DC-4227-BD45-49E1F99DF277}.Release|Any CPU.ActiveCfg = Release|Any CPU
		{3A76D266-45DC-4227-BD45-49E1F99DF277}.Release|Any CPU.Build.0 = Release|Any CPU
		{3A76D266-45DC-4227-BD45-49E1F99DF277}.Release|x64.ActiveCfg = Release|x64
		{3A76D266-45DC-4227-BD45-49E1F99DF277}.Release|x64.Build.0 = Release|x64
		{3A76D266-45DC-4227-BD45-49E1F99DF277}.Release|x86.ActiveCfg = Release|x86
		{3A76D266-45DC-4227-BD45-49E1F99DF277}.Release|x86.Build.0 = Release|x86
		{6B275C45-1B53-4E85-9F1F-9D277CA977BA}.Debug|Any CPU.ActiveCfg = Debug|Any CPU
		{6B275C45-1B53-4E85-9F1F-9D277CA977BA}.Debug|Any CPU.Build.0 = Debug|Any CPU
		{6B275C45-1B53-4E85-9F1F-9D277CA977BA}.Debug|x64.ActiveCfg = Debug|Any CPU
		{6B275C45-1B53-4E85-9F1F-9D277CA977BA}.Debug|x64.Build.0 = Debug|Any CPU
		{6B275C45-1B53-4E85-9F1F-9D277CA977BA}.Debug|x86.ActiveCfg = Debug|Any CPU
		{6B275C45-1B53-4E85-9F1F-9D277CA977BA}.Debug|x86.Build.0 = Debug|Any CPU
		{6B275C45-1B53-4E85-9F1F-9D277CA977BA}.Release|Any CPU.ActiveCfg = Release|Any CPU
		{6B275C45-1B53-4E85-9F1F-9D277CA977BA}.Release|Any CPU.Build.0 = Release|Any CPU
		{6B275C45-1B53-4E85-9F1F-9D277CA977BA}.Release|x64.ActiveCfg = Release|Any CPU
		{6B275C45-1B53-4E85-9F1F-9D277CA977BA}.Release|x64.Build.0 = Release|Any CPU
		{6B275C45-1B53-4E85-9F1F-9D277CA977BA}.Release|x86.ActiveCfg = Release|Any CPU
		{6B275C45-1B53-4E85-9F1F-9D277CA977BA}.Release|x86.Build.0 = Release|Any CPU
	EndGlobalSection
	GlobalSection(SolutionProperties) = preSolution
		HideSolutionNode = FALSE
	EndGlobalSection
	GlobalSection(ExtensibilityGlobals) = postSolution
		SolutionGuid = {D7B0BF4E-08F6-4748-A06F-F0F09922DD50}
	EndGlobalSection
EndGlobal
