
Microsoft Visual Studio Solution File, Format Version 12.00
# Visual Studio 15
VisualStudioVersion = 15.0.27703.2018
MinimumVisualStudioVersion = 10.0.40219.1
Project("{FAE04EC0-301F-11D3-BF4B-00C04F79EFBC}") = "DataChannelOrtc.UWP", "DataChannelOrtc.UWP\DataChannelOrtc.UWP.csproj", "{DFA727C7-B65D-4DB4-95FF-327B38E2C787}"
EndProject
Global
	GlobalSection(SolutionConfigurationPlatforms) = preSolution
		Debug|ARM = Debug|ARM
		Debug|x64 = Debug|x64
		Debug|x86 = Debug|x86
		Release|ARM = Release|ARM
		Release|x64 = Release|x64
		Release|x86 = Release|x86
	EndGlobalSection
	GlobalSection(ProjectConfigurationPlatforms) = postSolution
		{DFA727C7-B65D-4DB4-95FF-327B38E2C787}.Debug|ARM.ActiveCfg = Debug|ARM
		{DFA727C7-B65D-4DB4-95FF-327B38E2C787}.Debug|ARM.Build.0 = Debug|ARM
		{DFA727C7-B65D-4DB4-95FF-327B38E2C787}.Debug|ARM.Deploy.0 = Debug|ARM
		{DFA727C7-B65D-4DB4-95FF-327B38E2C787}.Debug|x64.ActiveCfg = Debug|x64
		{DFA727C7-B65D-4DB4-95FF-327B38E2C787}.Debug|x64.Build.0 = Debug|x64
		{DFA727C7-B65D-4DB4-95FF-327B38E2C787}.Debug|x64.Deploy.0 = Debug|x64
		{DFA727C7-B65D-4DB4-95FF-327B38E2C787}.Debug|x86.ActiveCfg = Debug|x86
		{DFA727C7-B65D-4DB4-95FF-327B38E2C787}.Debug|x86.Build.0 = Debug|x86
		{DFA727C7-B65D-4DB4-95FF-327B38E2C787}.Debug|x86.Deploy.0 = Debug|x86
		{DFA727C7-B65D-4DB4-95FF-327B38E2C787}.Release|ARM.ActiveCfg = Release|ARM
		{DFA727C7-B65D-4DB4-95FF-327B38E2C787}.Release|ARM.Build.0 = Release|ARM
		{DFA727C7-B65D-4DB4-95FF-327B38E2C787}.Release|ARM.Deploy.0 = Release|ARM
		{DFA727C7-B65D-4DB4-95FF-327B38E2C787}.Release|x64.ActiveCfg = Release|x64
		{DFA727C7-B65D-4DB4-95FF-327B38E2C787}.Release|x64.Build.0 = Release|x64
		{DFA727C7-B65D-4DB4-95FF-327B38E2C787}.Release|x64.Deploy.0 = Release|x64
		{DFA727C7-B65D-4DB4-95FF-327B38E2C787}.Release|x86.ActiveCfg = Release|x86
		{DFA727C7-B65D-4DB4-95FF-327B38E2C787}.Release|x86.Build.0 = Release|x86
		{DFA727C7-B65D-4DB4-95FF-327B38E2C787}.Release|x86.Deploy.0 = Release|x86
	EndGlobalSection
	GlobalSection(SolutionProperties) = preSolution
		HideSolutionNode = FALSE
	EndGlobalSection
	GlobalSection(ExtensibilityGlobals) = postSolution
		SolutionGuid = {1F39E1CF-8B69-49D1-8070-699E44D3BE5B}
	EndGlobalSection
EndGlobal
